// !$*UTF8*$!
{
	archiveVersion = 1;
	classes = {
	};
	objectVersion = 46;
	objects = {

/* Begin PBXBuildFile section */
		A748F61C1AA55BB200F68A73 /* AppDelegate.swift in Sources */ = {isa = PBXBuildFile; fileRef = A748F61B1AA55BB200F68A73 /* AppDelegate.swift */; };
		A748F61E1AA55BB200F68A73 /* MasterViewController.swift in Sources */ = {isa = PBXBuildFile; fileRef = A748F61D1AA55BB200F68A73 /* MasterViewController.swift */; };
		A748F6201AA55BB200F68A73 /* DetailViewController.swift in Sources */ = {isa = PBXBuildFile; fileRef = A748F61F1AA55BB200F68A73 /* DetailViewController.swift */; };
		A748F6231AA55BB200F68A73 /* Main.storyboard in Resources */ = {isa = PBXBuildFile; fileRef = A748F6211AA55BB200F68A73 /* Main.storyboard */; };
		A748F6251AA55BB200F68A73 /* Images.xcassets in Resources */ = {isa = PBXBuildFile; fileRef = A748F6241AA55BB200F68A73 /* Images.xcassets */; };
		A748F6281AA55BB200F68A73 /* LaunchScreen.xib in Resources */ = {isa = PBXBuildFile; fileRef = A748F6261AA55BB200F68A73 /* LaunchScreen.xib */; };
		A748F6341AA55BB200F68A73 /* Your_MarkTests.swift in Sources */ = {isa = PBXBuildFile; fileRef = A748F6331AA55BB200F68A73 /* Your_MarkTests.swift */; };
/* End PBXBuildFile section */

/* Begin PBXContainerItemProxy section */
		A748F62E1AA55BB200F68A73 /* PBXContainerItemProxy */ = {
			isa = PBXContainerItemProxy;
			containerPortal = A748F60E1AA55BB200F68A73 /* Project object */;
			proxyType = 1;
			remoteGlobalIDString = A748F6151AA55BB200F68A73;
			remoteInfo = "Your Mark";
		};
/* End PBXContainerItemProxy section */

/* Begin PBXFileReference section */
		A748F6161AA55BB200F68A73 /* Your Mark.app */ = {isa = PBXFileReference; explicitFileType = wrapper.application; includeInIndex = 0; path = "Your Mark.app"; sourceTree = BUILT_PRODUCTS_DIR; };
		A748F61A1AA55BB200F68A73 /* Info.plist */ = {isa = PBXFileReference; lastKnownFileType = text.plist.xml; path = Info.plist; sourceTree = "<group>"; };
		A748F61B1AA55BB200F68A73 /* AppDelegate.swift */ = {isa = PBXFileReference; lastKnownFileType = sourcecode.swift; path = AppDelegate.swift; sourceTree = "<group>"; };
		A748F61D1AA55BB200F68A73 /* MasterViewController.swift */ = {isa = PBXFileReference; lastKnownFileType = sourcecode.swift; path = MasterViewController.swift; sourceTree = "<group>"; };
		A748F61F1AA55BB200F68A73 /* DetailViewController.swift */ = {isa = PBXFileReference; lastKnownFileType = sourcecode.swift; path = DetailViewController.swift; sourceTree = "<group>"; };
		A748F6221AA55BB200F68A73 /* Base */ = {isa = PBXFileReference; lastKnownFileType = file.storyboard; name = Base; path = Base.lproj/Main.storyboard; sourceTree = "<group>"; };
		A748F6241AA55BB200F68A73 /* Images.xcassets */ = {isa = PBXFileReference; lastKnownFileType = folder.assetcatalog; path = Images.xcassets; sourceTree = "<group>"; };
		A748F6271AA55BB200F68A73 /* Base */ = {isa = PBXFileReference; lastKnownFileType = file.xib; name = Base; path = Base.lproj/LaunchScreen.xib; sourceTree = "<group>"; };
		A748F62D1AA55BB200F68A73 /* Your MarkTests.xctest */ = {isa = PBXFileReference; explicitFileType = wrapper.cfbundle; includeInIndex = 0; path = "Your MarkTests.xctest"; sourceTree = BUILT_PRODUCTS_DIR; };
		A748F6321AA55BB200F68A73 /* Info.plist */ = {isa = PBXFileReference; lastKnownFileType = text.plist.xml; path = Info.plist; sourceTree = "<group>"; };
		A748F6331AA55BB200F68A73 /* Your_MarkTests.swift */ = {isa = PBXFileReference; lastKnownFileType = sourcecode.swift; path = Your_MarkTests.swift; sourceTree = "<group>"; };
/* End PBXFileReference section */

/* Begin PBXFrameworksBuildPhase section */
		A748F6131AA55BB200F68A73 /* Frameworks */ = {
			isa = PBXFrameworksBuildPhase;
			buildActionMask = 2147483647;
			files = (
			);
			runOnlyForDeploymentPostprocessing = 0;
		};
		A748F62A1AA55BB200F68A73 /* Frameworks */ = {
			isa = PBXFrameworksBuildPhase;
			buildActionMask = 2147483647;
			files = (
			);
			runOnlyForDeploymentPostprocessing = 0;
		};
/* End PBXFrameworksBuildPhase section */

/* Begin PBXGroup section */
		A748F60D1AA55BB200F68A73 = {
			isa = PBXGroup;
			children = (
				A748F6181AA55BB200F68A73 /* Your Mark */,
				A748F6301AA55BB200F68A73 /* Your MarkTests */,
				A748F6171AA55BB200F68A73 /* Products */,
			);
			sourceTree = "<group>";
		};
		A748F6171AA55BB200F68A73 /* Products */ = {
			isa = PBXGroup;
			children = (
				A748F6161AA55BB200F68A73 /* Your Mark.app */,
				A748F62D1AA55BB200F68A73 /* Your MarkTests.xctest */,
			);
			name = Products;
			sourceTree = "<group>";
		};
		A748F6181AA55BB200F68A73 /* Your Mark */ = {
			isa = PBXGroup;
			children = (
				A748F61B1AA55BB200F68A73 /* AppDelegate.swift */,
				A748F61D1AA55BB200F68A73 /* MasterViewController.swift */,
				A748F61F1AA55BB200F68A73 /* DetailViewController.swift */,
				A748F6211AA55BB200F68A73 /* Main.storyboard */,
				A748F6241AA55BB200F68A73 /* Images.xcassets */,
				A748F6261AA55BB200F68A73 /* LaunchScreen.xib */,
				A748F6191AA55BB200F68A73 /* Supporting Files */,
			);
			path = "Your Mark";
			sourceTree = "<group>";
		};
		A748F6191AA55BB200F68A73 /* Supporting Files */ = {
			isa = PBXGroup;
			children = (
				A748F61A1AA55BB200F68A73 /* Info.plist */,
			);
			name = "Supporting Files";
			sourceTree = "<group>";
		};
		A748F6301AA55BB200F68A73 /* Your MarkTests */ = {
			isa = PBXGroup;
			children = (
				A748F6331AA55BB200F68A73 /* Your_MarkTests.swift */,
				A748F6311AA55BB200F68A73 /* Supporting Files */,
			);
			path = "Your MarkTests";
			sourceTree = "<group>";
		};
		A748F6311AA55BB200F68A73 /* Supporting Files */ = {
			isa = PBXGroup;
			children = (
				A748F6321AA55BB200F68A73 /* Info.plist */,
			);
			name = "Supporting Files";
			sourceTree = "<group>";
		};
/* End PBXGroup section */

/* Begin PBXNativeTarget section */
		A748F6151AA55BB200F68A73 /* Your Mark */ = {
			isa = PBXNativeTarget;
			buildConfigurationList = A748F6371AA55BB200F68A73 /* Build configuration list for PBXNativeTarget "Your Mark" */;
			buildPhases = (
				A748F6121AA55BB200F68A73 /* Sources */,
				A748F6131AA55BB200F68A73 /* Frameworks */,
				A748F6141AA55BB200F68A73 /* Resources */,
			);
			buildRules = (
			);
			dependencies = (
			);
			name = "Your Mark";
			productName = "Your Mark";
			productReference = A748F6161AA55BB200F68A73 /* Your Mark.app */;
			productType = "com.apple.product-type.application";
		};
		A748F62C1AA55BB200F68A73 /* Your MarkTests */ = {
			isa = PBXNativeTarget;
			buildConfigurationList = A748F63A1AA55BB200F68A73 /* Build configuration list for PBXNativeTarget "Your MarkTests" */;
			buildPhases = (
				A748F6291AA55BB200F68A73 /* Sources */,
				A748F62A1AA55BB200F68A73 /* Frameworks */,
				A748F62B1AA55BB200F68A73 /* Resources */,
			);
			buildRules = (
			);
			dependencies = (
				A748F62F1AA55BB200F68A73 /* PBXTargetDependency */,
			);
			name = "Your MarkTests";
			productName = "Your MarkTests";
			productReference = A748F62D1AA55BB200F68A73 /* Your MarkTests.xctest */;
			productType = "com.apple.product-type.bundle.unit-test";
		};
/* End PBXNativeTarget section */

/* Begin PBXProject section */
		A748F60E1AA55BB200F68A73 /* Project object */ = {
			isa = PBXProject;
			attributes = {
				LastUpgradeCheck = 0610;
				ORGANIZATIONNAME = "Oliver Andrews";
				TargetAttributes = {
					A748F6151AA55BB200F68A73 = {
						CreatedOnToolsVersion = 6.1.1;
					};
					A748F62C1AA55BB200F68A73 = {
						CreatedOnToolsVersion = 6.1.1;
						TestTargetID = A748F6151AA55BB200F68A73;
					};
				};
			};
			buildConfigurationList = A748F6111AA55BB200F68A73 /* Build configuration list for PBXProject "Your Mark" */;
			compatibilityVersion = "Xcode 3.2";
			developmentRegion = English;
			hasScannedForEncodings = 0;
			knownRegions = (
				en,
				Base,
			);
			mainGroup = A748F60D1AA55BB200F68A73;
			productRefGroup = A748F6171AA55BB200F68A73 /* Products */;
			projectDirPath = "";
			projectRoot = "";
			targets = (
				A748F6151AA55BB200F68A73 /* Your Mark */,
				A748F62C1AA55BB200F68A73 /* Your MarkTests */,
			);
		};
/* End PBXProject section */

/* Begin PBXResourcesBuildPhase section */
		A748F6141AA55BB200F68A73 /* Resources */ = {
			isa = PBXResourcesBuildPhase;
			buildActionMask = 2147483647;
			files = (
				A748F6231AA55BB200F68A73 /* Main.storyboard in Resources */,
				A748F6281AA55BB200F68A73 /* LaunchScreen.xib in Resources */,
				A748F6251AA55BB200F68A73 /* Images.xcassets in Resources */,
			);
			runOnlyForDeploymentPostprocessing = 0;
		};
		A748F62B1AA55BB200F68A73 /* Resources */ = {
			isa = PBXResourcesBuildPhase;
			buildActionMask = 2147483647;
			files = (
			);
			runOnlyForDeploymentPostprocessing = 0;
		};
/* End PBXResourcesBuildPhase section */

/* Begin PBXSourcesBuildPhase section */
		A748F6121AA55BB200F68A73 /* Sources */ = {
			isa = PBXSourcesBuildPhase;
			buildActionMask = 2147483647;
			files = (
				A748F6201AA55BB200F68A73 /* DetailViewController.swift in Sources */,
				A748F61E1AA55BB200F68A73 /* MasterViewController.swift in Sources */,
				A748F61C1AA55BB200F68A73 /* AppDelegate.swift in Sources */,
			);
			runOnlyForDeploymentPostprocessing = 0;
		};
		A748F6291AA55BB200F68A73 /* Sources */ = {
			isa = PBXSourcesBuildPhase;
			buildActionMask = 2147483647;
			files = (
				A748F6341AA55BB200F68A73 /* Your_MarkTests.swift in Sources */,
			);
			runOnlyForDeploymentPostprocessing = 0;
		};
/* End PBXSourcesBuildPhase section */

/* Begin PBXTargetDependency section */
		A748F62F1AA55BB200F68A73 /* PBXTargetDependency */ = {
			isa = PBXTargetDependency;
			target = A748F6151AA55BB200F68A73 /* Your Mark */;
			targetProxy = A748F62E1AA55BB200F68A73 /* PBXContainerItemProxy */;
		};
/* End PBXTargetDependency section */

/* Begin PBXVariantGroup section */
		A748F6211AA55BB200F68A73 /* Main.storyboard */ = {
			isa = PBXVariantGroup;
			children = (
				A748F6221AA55BB200F68A73 /* Base */,
			);
			name = Main.storyboard;
			sourceTree = "<group>";
		};
		A748F6261AA55BB200F68A73 /* LaunchScreen.xib */ = {
			isa = PBXVariantGroup;
			children = (
				A748F6271AA55BB200F68A73 /* Base */,
			);
			name = LaunchScreen.xib;
			sourceTree = "<group>";
		};
/* End PBXVariantGroup section */

/* Begin XCBuildConfiguration section */
		A748F6351AA55BB200F68A73 /* Debug */ = {
			isa = XCBuildConfiguration;
			buildSettings = {
				ALWAYS_SEARCH_USER_PATHS = NO;
				CLANG_CXX_LANGUAGE_STANDARD = "gnu++0x";
				CLANG_CXX_LIBRARY = "libc++";
				CLANG_ENABLE_MODULES = YES;
				CLANG_ENABLE_OBJC_ARC = YES;
				CLANG_WARN_BOOL_CONVERSION = YES;
				CLANG_WARN_CONSTANT_CONVERSION = YES;
				CLANG_WARN_DIRECT_OBJC_ISA_USAGE = YES_ERROR;
				CLANG_WARN_EMPTY_BODY = YES;
				CLANG_WARN_ENUM_CONVERSION = YES;
				CLANG_WARN_INT_CONVERSION = YES;
				CLANG_WARN_OBJC_ROOT_CLASS = YES_ERROR;
				CLANG_WARN_UNREACHABLE_CODE = YES;
				CLANG_WARN__DUPLICATE_METHOD_MATCH = YES;
				"CODE_SIGN_IDENTITY[sdk=iphoneos*]" = "iPhone Developer";
				COPY_PHASE_STRIP = NO;
				ENABLE_STRICT_OBJC_MSGSEND = YES;
				GCC_C_LANGUAGE_STANDARD = gnu99;
				GCC_DYNAMIC_NO_PIC = NO;
				GCC_OPTIMIZATION_LEVEL = 0;
				GCC_PREPROCESSOR_DEFINITIONS = (
					"DEBUG=1",
					"$(inherited)",
				);
				GCC_SYMBOLS_PRIVATE_EXTERN = NO;
				GCC_WARN_64_TO_32_BIT_CONVERSION = YES;
				GCC_WARN_ABOUT_RETURN_TYPE = YES_ERROR;
				GCC_WARN_UNDECLARED_SELECTOR = YES;
				GCC_WARN_UNINITIALIZED_AUTOS = YES_AGGRESSIVE;
				GCC_WARN_UNUSED_FUNCTION = YES;
				GCC_WARN_UNUSED_VARIABLE = YES;
				IPHONEOS_DEPLOYMENT_TARGET = 8.1;
				MTL_ENABLE_DEBUG_INFO = YES;
				ONLY_ACTIVE_ARCH = YES;
				SDKROOT = iphoneos;
				SWIFT_OPTIMIZATION_LEVEL = "-Onone";
				TARGETED_DEVICE_FAMILY = "1,2";
			};
			name = Debug;
		};
		A748F6361AA55BB200F68A73 /* Release */ = {
			isa = XCBuildConfiguration;
			buildSettings = {
				ALWAYS_SEARCH_USER_PATHS = NO;
				CLANG_CXX_LANGUAGE_STANDARD = "gnu++0x";
				CLANG_CXX_LIBRARY = "libc++";
				CLANG_ENABLE_MODULES = YES;
				CLANG_ENABLE_OBJC_ARC = YES;
				CLANG_WARN_BOOL_CONVERSION = YES;
				CLANG_WARN_CONSTANT_CONVERSION = YES;
				CLANG_WARN_DIRECT_OBJC_ISA_USAGE = YES_ERROR;
				CLANG_WARN_EMPTY_BODY = YES;
				CLANG_WARN_ENUM_CONVERSION = YES;
				CLANG_WARN_INT_CONVERSION = YES;
				CLANG_WARN_OBJC_ROOT_CLASS = YES_ERROR;
				CLANG_WARN_UNREACHABLE_CODE = YES;
				CLANG_WARN__DUPLICATE_METHOD_MATCH = YES;
				"CODE_SIGN_IDENTITY[sdk=iphoneos*]" = "iPhone Developer";
				COPY_PHASE_STRIP = YES;
				ENABLE_NS_ASSERTIONS = NO;
				ENABLE_STRICT_OBJC_MSGSEND = YES;
				GCC_C_LANGUAGE_STANDARD = gnu99;
				GCC_WARN_64_TO_32_BIT_CONVERSION = YES;
				GCC_WARN_ABOUT_RETURN_TYPE = YES_ERROR;
				GCC_WARN_UNDECLARED_SELECTOR = YES;
				GCC_WARN_UNINITIALIZED_AUTOS = YES_AGGRESSIVE;
				GCC_WARN_UNUSED_FUNCTION = YES;
				GCC_WARN_UNUSED_VARIABLE = YES;
				IPHONEOS_DEPLOYMENT_TARGET = 8.1;
				MTL_ENABLE_DEBUG_INFO = NO;
				SDKROOT = iphoneos;
				TARGETED_DEVICE_FAMILY = "1,2";
				VALIDATE_PRODUCT = YES;
			};
			name = Release;
		};
		A748F6381AA55BB200F68A73 /* Debug */ = {
			isa = XCBuildConfiguration;
			buildSettings = {
				ASSETCATALOG_COMPILER_APPICON_NAME = AppIcon;
				INFOPLIST_FILE = "Your Mark/Info.plist";
				LD_RUNPATH_SEARCH_PATHS = "$(inherited) @executable_path/Frameworks";
				PRODUCT_NAME = "$(TARGET_NAME)";
			};
			name = Debug;
		};
		A748F6391AA55BB200F68A73 /* Release */ = {
			isa = XCBuildConfiguration;
			buildSettings = {
				ASSETCATALOG_COMPILER_APPICON_NAME = AppIcon;
				INFOPLIST_FILE = "Your Mark/Info.plist";
				LD_RUNPATH_SEARCH_PATHS = "$(inherited) @executable_path/Frameworks";
				PRODUCT_NAME = "$(TARGET_NAME)";
			};
			name = Release;
		};
		A748F63B1AA55BB200F68A73 /* Debug */ = {
			isa = XCBuildConfiguration;
			buildSettings = {
				BUNDLE_LOADER = "$(TEST_HOST)";
				FRAMEWORK_SEARCH_PATHS = (
					"$(SDKROOT)/Developer/Library/Frameworks",
					"$(inherited)",
				);
				GCC_PREPROCESSOR_DEFINITIONS = (
					"DEBUG=1",
					"$(inherited)",
				);
				INFOPLIST_FILE = "Your MarkTests/Info.plist";
				LD_RUNPATH_SEARCH_PATHS = "$(inherited) @executable_path/Frameworks @loader_path/Frameworks";
				PRODUCT_NAME = "$(TARGET_NAME)";
				TEST_HOST = "$(BUILT_PRODUCTS_DIR)/Your Mark.app/Your Mark";
			};
			name = Debug;
		};
		A748F63C1AA55BB200F68A73 /* Release */ = {
			isa = XCBuildConfiguration;
			buildSettings = {
				BUNDLE_LOADER = "$(TEST_HOST)";
				FRAMEWORK_SEARCH_PATHS = (
					"$(SDKROOT)/Developer/Library/Frameworks",
					"$(inherited)",
				);
				INFOPLIST_FILE = "Your MarkTests/Info.plist";
				LD_RUNPATH_SEARCH_PATHS = "$(inherited) @executable_path/Frameworks @loader_path/Frameworks";
				PRODUCT_NAME = "$(TARGET_NAME)";
				TEST_HOST = "$(BUILT_PRODUCTS_DIR)/Your Mark.app/Your Mark";
			};
			name = Release;
		};
/* End XCBuildConfiguration section */

/* Begin XCConfigurationList section */
		A748F6111AA55BB200F68A73 /* Build configuration list for PBXProject "Your Mark" */ = {
			isa = XCConfigurationList;
			buildConfigurations = (
				A748F6351AA55BB200F68A73 /* Debug */,
				A748F6361AA55BB200F68A73 /* Release */,
			);
			defaultConfigurationIsVisible = 0;
			defaultConfigurationName = Release;
		};
		A748F6371AA55BB200F68A73 /* Build configuration list for PBXNativeTarget "Your Mark" */ = {
			isa = XCConfigurationList;
			buildConfigurations = (
				A748F6381AA55BB200F68A73 /* Debug */,
				A748F6391AA55BB200F68A73 /* Release */,
			);
			defaultConfigurationIsVisible = 0;
		};
		A748F63A1AA55BB200F68A73 /* Build configuration list for PBXNativeTarget "Your MarkTests" */ = {
			isa = XCConfigurationList;
			buildConfigurations = (
				A748F63B1AA55BB200F68A73 /* Debug */,
				A748F63C1AA55BB200F68A73 /* Release */,
			);
			defaultConfigurationIsVisible = 0;
		};
/* End XCConfigurationList section */
	};
	rootObject = A748F60E1AA55BB200F68A73 /* Project object */;
}
